// !$*UTF8*$!
{
	archiveVersion = 1;
	classes = {
	};
	objectVersion = 45;
	objects = {

/* Begin PBXBuildFile section */
		08EC313812EF46A500AFA21E /* GHUnit in Frameworks */ = {isa = PBXBuildFile; fileRef = 08EC313712EF46A500AFA21E /* GHUnit */; };
		08EC313912EF46B900AFA21E /* CoreGraphics.framework in Frameworks */ = {isa = PBXBuildFile; fileRef = 288765FC0DF74451002DB57D /* CoreGraphics.framework */; };
		08EC313A12EF46B900AFA21E /* Foundation.framework in Frameworks */ = {isa = PBXBuildFile; fileRef = 1D30AB110D05D00D00671497 /* Foundation.framework */; };
		08EC313B12EF46B900AFA21E /* UIKit.framework in Frameworks */ = {isa = PBXBuildFile; fileRef = 1DF5F4DF0D08C38300B7A737 /* UIKit.framework */; };
		08EC317412EF49D700AFA21E /* Tests.m in Sources */ = {isa = PBXBuildFile; fileRef = 08EC317312EF49D700AFA21E /* Tests.m */; };
		08EC317612EF49E200AFA21E /* GHUnitIOSTestMain.m in Sources */ = {isa = PBXBuildFile; fileRef = 08EC317512EF49E200AFA21E /* GHUnitIOSTestMain.m */; };
		1D3623260D0F684500981E51 /* iPhoneTDDBaseAppDelegate.m in Sources */ = {isa = PBXBuildFile; fileRef = 1D3623250D0F684500981E51 /* iPhoneTDDBaseAppDelegate.m */; };
		1D60589B0D05DD56006BFB54 /* main.m in Sources */ = {isa = PBXBuildFile; fileRef = 29B97316FDCFA39411CA2CEA /* main.m */; };
		1D60589F0D05DD5A006BFB54 /* Foundation.framework in Frameworks */ = {isa = PBXBuildFile; fileRef = 1D30AB110D05D00D00671497 /* Foundation.framework */; };
		1DF5F4E00D08C38300B7A737 /* UIKit.framework in Frameworks */ = {isa = PBXBuildFile; fileRef = 1DF5F4DF0D08C38300B7A737 /* UIKit.framework */; };
		288765FD0DF74451002DB57D /* CoreGraphics.framework in Frameworks */ = {isa = PBXBuildFile; fileRef = 288765FC0DF74451002DB57D /* CoreGraphics.framework */; };
		E982846B12EF69CA00E685AA /* Foundation.framework in Frameworks */ = {isa = PBXBuildFile; fileRef = 1D30AB110D05D00D00671497 /* Foundation.framework */; };
		E982847112EF6A1400E685AA /* libModel.a in Frameworks */ = {isa = PBXBuildFile; fileRef = E982846612EF69BD00E685AA /* libModel.a */; };
		E982847412EF6A1E00E685AA /* libModel.a in Frameworks */ = {isa = PBXBuildFile; fileRef = E982846612EF69BD00E685AA /* libModel.a */; };
		E999921812EF628A007B2F14 /* MainWindow.xib in Resources */ = {isa = PBXBuildFile; fileRef = E999921712EF628A007B2F14 /* MainWindow.xib */; };
		E9A3599412EF6D57007BFE88 /* Calculator.h in Headers */ = {isa = PBXBuildFile; fileRef = E9A3599212EF6D57007BFE88 /* Calculator.h */; };
		E9A3599512EF6D57007BFE88 /* Calculator.m in Sources */ = {isa = PBXBuildFile; fileRef = E9A3599312EF6D57007BFE88 /* Calculator.m */; };
		E9A359C412EF6EFD007BFE88 /* MyView.xib in Resources */ = {isa = PBXBuildFile; fileRef = E9A359C312EF6EFD007BFE88 /* MyView.xib */; };
		E9A359CC12EF6F49007BFE88 /* MyViewController.m in Sources */ = {isa = PBXBuildFile; fileRef = E9A359CB12EF6F49007BFE88 /* MyViewController.m */; };
/* End PBXBuildFile section */

/* Begin PBXContainerItemProxy section */
		E982846F12EF6A0E00E685AA /* PBXContainerItemProxy */ = {
			isa = PBXContainerItemProxy;
			containerPortal = 29B97313FDCFA39411CA2CEA /* Project object */;
			proxyType = 1;
			remoteGlobalIDString = E982846512EF69BD00E685AA;
			remoteInfo = Model;
		};
		E982847212EF6A1B00E685AA /* PBXContainerItemProxy */ = {
			isa = PBXContainerItemProxy;
			containerPortal = 29B97313FDCFA39411CA2CEA /* Project object */;
			proxyType = 1;
			remoteGlobalIDString = E982846512EF69BD00E685AA;
			remoteInfo = Model;
		};
/* End PBXContainerItemProxy section */

/* Begin PBXFileReference section */
		08EC313112EF467A00AFA21E /* UnitTests.app */ = {isa = PBXFileReference; explicitFileType = wrapper.application; includeInIndex = 0; path = UnitTests.app; sourceTree = BUILT_PRODUCTS_DIR; };
		08EC313312EF467A00AFA21E /* UnitTests-Info.plist */ = {isa = PBXFileReference; lastKnownFileType = text.plist.xml; path = "UnitTests-Info.plist"; sourceTree = "<group>"; };
		08EC313712EF46A500AFA21E /* GHUnit */ = {isa = PBXFileReference; lastKnownFileType = archive.ar; name = GHUnit; path = Librairies/GHUnit.framework/Versions/A/GHUnit; sourceTree = "<group>"; };
		08EC317312EF49D700AFA21E /* Tests.m */ = {isa = PBXFileReference; fileEncoding = 4; lastKnownFileType = sourcecode.c.objc; name = Tests.m; path = Tests/Tests.m; sourceTree = "<group>"; };
		08EC317512EF49E200AFA21E /* GHUnitIOSTestMain.m */ = {isa = PBXFileReference; fileEncoding = 4; lastKnownFileType = sourcecode.c.objc; name = GHUnitIOSTestMain.m; path = Tests/GHUnitIOSTestMain.m; sourceTree = "<group>"; };
		1D30AB110D05D00D00671497 /* Foundation.framework */ = {isa = PBXFileReference; lastKnownFileType = wrapper.framework; name = Foundation.framework; path = System/Library/Frameworks/Foundation.framework; sourceTree = SDKROOT; };
		1D3623240D0F684500981E51 /* iPhoneTDDBaseAppDelegate.h */ = {isa = PBXFileReference; fileEncoding = 4; lastKnownFileType = sourcecode.c.h; path = iPhoneTDDBaseAppDelegate.h; sourceTree = "<group>"; };
		1D3623250D0F684500981E51 /* iPhoneTDDBaseAppDelegate.m */ = {isa = PBXFileReference; fileEncoding = 4; lastKnownFileType = sourcecode.c.objc; path = iPhoneTDDBaseAppDelegate.m; sourceTree = "<group>"; };
		1D6058910D05DD3D006BFB54 /* iPhoneTDDBase.app */ = {isa = PBXFileReference; explicitFileType = wrapper.application; includeInIndex = 0; path = iPhoneTDDBase.app; sourceTree = BUILT_PRODUCTS_DIR; };
		1DF5F4DF0D08C38300B7A737 /* UIKit.framework */ = {isa = PBXFileReference; lastKnownFileType = wrapper.framework; name = UIKit.framework; path = System/Library/Frameworks/UIKit.framework; sourceTree = SDKROOT; };
		288765FC0DF74451002DB57D /* CoreGraphics.framework */ = {isa = PBXFileReference; lastKnownFileType = wrapper.framework; name = CoreGraphics.framework; path = System/Library/Frameworks/CoreGraphics.framework; sourceTree = SDKROOT; };
		29B97316FDCFA39411CA2CEA /* main.m */ = {isa = PBXFileReference; fileEncoding = 4; lastKnownFileType = sourcecode.c.objc; path = main.m; sourceTree = "<group>"; };
		32CA4F630368D1EE00C91783 /* iPhoneTDDBase_Prefix.pch */ = {isa = PBXFileReference; fileEncoding = 4; lastKnownFileType = sourcecode.c.h; path = iPhoneTDDBase_Prefix.pch; sourceTree = "<group>"; };
		8D1107310486CEB800E47090 /* iPhoneTDDBase-Info.plist */ = {isa = PBXFileReference; fileEncoding = 4; lastKnownFileType = text.plist.xml; path = "iPhoneTDDBase-Info.plist"; plistStructureDefinitionIdentifier = "com.apple.xcode.plist.structure-definition.iphone.info-plist"; sourceTree = "<group>"; };
		E982846612EF69BD00E685AA /* libModel.a */ = {isa = PBXFileReference; explicitFileType = archive.ar; includeInIndex = 0; path = libModel.a; sourceTree = BUILT_PRODUCTS_DIR; };
		E999921712EF628A007B2F14 /* MainWindow.xib */ = {isa = PBXFileReference; lastKnownFileType = file.xib; path = MainWindow.xib; sourceTree = "<group>"; };
		E9A3599212EF6D57007BFE88 /* Calculator.h */ = {isa = PBXFileReference; fileEncoding = 4; lastKnownFileType = sourcecode.c.h; path = Calculator.h; sourceTree = "<group>"; };
		E9A3599312EF6D57007BFE88 /* Calculator.m */ = {isa = PBXFileReference; fileEncoding = 4; lastKnownFileType = sourcecode.c.objc; path = Calculator.m; sourceTree = "<group>"; };
		E9A359C312EF6EFD007BFE88 /* MyView.xib */ = {isa = PBXFileReference; lastKnownFileType = file.xib; path = MyView.xib; sourceTree = "<group>"; };
		E9A359CA12EF6F49007BFE88 /* MyViewController.h */ = {isa = PBXFileReference; fileEncoding = 4; lastKnownFileType = sourcecode.c.h; path = MyViewController.h; sourceTree = "<group>"; };
		E9A359CB12EF6F49007BFE88 /* MyViewController.m */ = {isa = PBXFileReference; fileEncoding = 4; lastKnownFileType = sourcecode.c.objc; path = MyViewController.m; sourceTree = "<group>"; };
		E9A35A3312EF7363007BFE88 /* UITests.js */ = {isa = PBXFileReference; fileEncoding = 4; lastKnownFileType = sourcecode.javascript; path = UITests.js; sourceTree = "<group>"; };
/* End PBXFileReference section */

/* Begin PBXFrameworksBuildPhase section */
		08EC312F12EF467A00AFA21E /* Frameworks */ = {
			isa = PBXFrameworksBuildPhase;
			buildActionMask = 2147483647;
			files = (
				08EC313812EF46A500AFA21E /* GHUnit in Frameworks */,
				08EC313912EF46B900AFA21E /* CoreGraphics.framework in Frameworks */,
				08EC313A12EF46B900AFA21E /* Foundation.framework in Frameworks */,
				08EC313B12EF46B900AFA21E /* UIKit.framework in Frameworks */,
				E982847412EF6A1E00E685AA /* libModel.a in Frameworks */,
			);
			runOnlyForDeploymentPostprocessing = 0;
		};
		1D60588F0D05DD3D006BFB54 /* Frameworks */ = {
			isa = PBXFrameworksBuildPhase;
			buildActionMask = 2147483647;
			files = (
				1D60589F0D05DD5A006BFB54 /* Foundation.framework in Frameworks */,
				1DF5F4E00D08C38300B7A737 /* UIKit.framework in Frameworks */,
				288765FD0DF74451002DB57D /* CoreGraphics.framework in Frameworks */,
				E982847112EF6A1400E685AA /* libModel.a in Frameworks */,
			);
			runOnlyForDeploymentPostprocessing = 0;
		};
		E982846412EF69BD00E685AA /* Frameworks */ = {
			isa = PBXFrameworksBuildPhase;
			buildActionMask = 2147483647;
			files = (
				E982846B12EF69CA00E685AA /* Foundation.framework in Frameworks */,
			);
			runOnlyForDeploymentPostprocessing = 0;
		};
/* End PBXFrameworksBuildPhase section */

/* Begin PBXGroup section */
		080E96DDFE201D6D7F000001 /* Classes */ = {
			isa = PBXGroup;
			children = (
				1D3623240D0F684500981E51 /* iPhoneTDDBaseAppDelegate.h */,
				1D3623250D0F684500981E51 /* iPhoneTDDBaseAppDelegate.m */,
			);
			path = Classes;
			sourceTree = "<group>";
		};
		08EC316512EF488300AFA21E /* Tests */ = {
			isa = PBXGroup;
			children = (
				E9A3597D12EF6CD8007BFE88 /* UI Tests */,
				E9A3597C12EF6CCC007BFE88 /* Unit Tests */,
				08EC317512EF49E200AFA21E /* GHUnitIOSTestMain.m */,
			);
			name = Tests;
			sourceTree = "<group>";
		};
		19C28FACFE9D520D11CA2CBB /* Products */ = {
			isa = PBXGroup;
			children = (
				1D6058910D05DD3D006BFB54 /* iPhoneTDDBase.app */,
				08EC313112EF467A00AFA21E /* UnitTests.app */,
				E982846612EF69BD00E685AA /* libModel.a */,
			);
			name = Products;
			sourceTree = "<group>";
		};
		29B97314FDCFA39411CA2CEA /* CustomTemplate */ = {
			isa = PBXGroup;
			children = (
				E982846D12EF69F100E685AA /* Model */,
				E9A359A012EF6DAE007BFE88 /* ViewController */,
				08EC316512EF488300AFA21E /* Tests */,
				080E96DDFE201D6D7F000001 /* Classes */,
				29B97315FDCFA39411CA2CEA /* Other Sources */,
				29B97317FDCFA39411CA2CEA /* Resources */,
				29B97323FDCFA39411CA2CEA /* Frameworks */,
				19C28FACFE9D520D11CA2CBB /* Products */,
				08EC313712EF46A500AFA21E /* GHUnit */,
			);
			name = CustomTemplate;
			sourceTree = "<group>";
		};
		29B97315FDCFA39411CA2CEA /* Other Sources */ = {
			isa = PBXGroup;
			children = (
				32CA4F630368D1EE00C91783 /* iPhoneTDDBase_Prefix.pch */,
				29B97316FDCFA39411CA2CEA /* main.m */,
			);
			name = "Other Sources";
			sourceTree = "<group>";
		};
		29B97317FDCFA39411CA2CEA /* Resources */ = {
			isa = PBXGroup;
			children = (
				E999921712EF628A007B2F14 /* MainWindow.xib */,
				E9A359C312EF6EFD007BFE88 /* MyView.xib */,
				8D1107310486CEB800E47090 /* iPhoneTDDBase-Info.plist */,
				08EC313312EF467A00AFA21E /* UnitTests-Info.plist */,
			);
			name = Resources;
			sourceTree = "<group>";
		};
		29B97323FDCFA39411CA2CEA /* Frameworks */ = {
			isa = PBXGroup;
			children = (
				1DF5F4DF0D08C38300B7A737 /* UIKit.framework */,
				1D30AB110D05D00D00671497 /* Foundation.framework */,
				288765FC0DF74451002DB57D /* CoreGraphics.framework */,
			);
			name = Frameworks;
			sourceTree = "<group>";
		};
		E982846D12EF69F100E685AA /* Model */ = {
			isa = PBXGroup;
			children = (
				E9A3599212EF6D57007BFE88 /* Calculator.h */,
				E9A3599312EF6D57007BFE88 /* Calculator.m */,
			);
			name = Model;
			sourceTree = "<group>";
		};
		E9A3597C12EF6CCC007BFE88 /* Unit Tests */ = {
			isa = PBXGroup;
			children = (
				08EC317312EF49D700AFA21E /* Tests.m */,
			);
			name = "Unit Tests";
			sourceTree = "<group>";
		};
		E9A3597D12EF6CD8007BFE88 /* UI Tests */ = {
			isa = PBXGroup;
			children = (
				E9A35A3312EF7363007BFE88 /* UITests.js */,
			);
			name = "UI Tests";
			sourceTree = "<group>";
		};
		E9A359A012EF6DAE007BFE88 /* ViewController */ = {
			isa = PBXGroup;
			children = (
				E9A359CA12EF6F49007BFE88 /* MyViewController.h */,
				E9A359CB12EF6F49007BFE88 /* MyViewController.m */,
			);
			name = ViewController;
			sourceTree = "<group>";
		};
/* End PBXGroup section */

/* Begin PBXHeadersBuildPhase section */
		E982846212EF69BD00E685AA /* Headers */ = {
			isa = PBXHeadersBuildPhase;
			buildActionMask = 2147483647;
			files = (
				E9A3599412EF6D57007BFE88 /* Calculator.h in Headers */,
			);
			runOnlyForDeploymentPostprocessing = 0;
		};
/* End PBXHeadersBuildPhase section */

/* Begin PBXNativeTarget section */
		08EC313012EF467A00AFA21E /* UnitTests */ = {
			isa = PBXNativeTarget;
			buildConfigurationList = 08EC313612EF467B00AFA21E /* Build configuration list for PBXNativeTarget "UnitTests" */;
			buildPhases = (
				08EC312D12EF467A00AFA21E /* Resources */,
				08EC312E12EF467A00AFA21E /* Sources */,
				08EC312F12EF467A00AFA21E /* Frameworks */,
			);
			buildRules = (
			);
			dependencies = (
				E982847312EF6A1B00E685AA /* PBXTargetDependency */,
			);
			name = UnitTests;
			productName = UnitTests;
			productReference = 08EC313112EF467A00AFA21E /* UnitTests.app */;
			productType = "com.apple.product-type.application";
		};
		1D6058900D05DD3D006BFB54 /* iPhoneTDDBase */ = {
			isa = PBXNativeTarget;
			buildConfigurationList = 1D6058960D05DD3E006BFB54 /* Build configuration list for PBXNativeTarget "iPhoneTDDBase" */;
			buildPhases = (
				1D60588D0D05DD3D006BFB54 /* Resources */,
				1D60588E0D05DD3D006BFB54 /* Sources */,
				1D60588F0D05DD3D006BFB54 /* Frameworks */,
			);
			buildRules = (
			);
			dependencies = (
				E982847012EF6A0E00E685AA /* PBXTargetDependency */,
			);
			name = iPhoneTDDBase;
			productName = iPhoneTDDBase;
			productReference = 1D6058910D05DD3D006BFB54 /* iPhoneTDDBase.app */;
			productType = "com.apple.product-type.application";
		};
		E982846512EF69BD00E685AA /* Model */ = {
			isa = PBXNativeTarget;
			buildConfigurationList = E982846A12EF69BF00E685AA /* Build configuration list for PBXNativeTarget "Model" */;
			buildPhases = (
				E982846212EF69BD00E685AA /* Headers */,
				E982846312EF69BD00E685AA /* Sources */,
				E982846412EF69BD00E685AA /* Frameworks */,
			);
			buildRules = (
			);
			dependencies = (
			);
			name = Model;
			productName = Model;
			productReference = E982846612EF69BD00E685AA /* libModel.a */;
			productType = "com.apple.product-type.library.static";
		};
/* End PBXNativeTarget section */

/* Begin PBXProject section */
		29B97313FDCFA39411CA2CEA /* Project object */ = {
			isa = PBXProject;
			buildConfigurationList = C01FCF4E08A954540054247B /* Build configuration list for PBXProject "iPhoneTDDBase" */;
			compatibilityVersion = "Xcode 3.1";
			developmentRegion = English;
			hasScannedForEncodings = 1;
			knownRegions = (
				English,
				Japanese,
				French,
				German,
			);
			mainGroup = 29B97314FDCFA39411CA2CEA /* CustomTemplate */;
			projectDirPath = "";
			projectRoot = "";
			targets = (
				1D6058900D05DD3D006BFB54 /* iPhoneTDDBase */,
				08EC313012EF467A00AFA21E /* UnitTests */,
				E982846512EF69BD00E685AA /* Model */,
			);
		};
/* End PBXProject section */

/* Begin PBXResourcesBuildPhase section */
		08EC312D12EF467A00AFA21E /* Resources */ = {
			isa = PBXResourcesBuildPhase;
			buildActionMask = 2147483647;
			files = (
			);
			runOnlyForDeploymentPostprocessing = 0;
		};
		1D60588D0D05DD3D006BFB54 /* Resources */ = {
			isa = PBXResourcesBuildPhase;
			buildActionMask = 2147483647;
			files = (
				E999921812EF628A007B2F14 /* MainWindow.xib in Resources */,
				E9A359C412EF6EFD007BFE88 /* MyView.xib in Resources */,
			);
			runOnlyForDeploymentPostprocessing = 0;
		};
/* End PBXResourcesBuildPhase section */

/* Begin PBXSourcesBuildPhase section */
		08EC312E12EF467A00AFA21E /* Sources */ = {
			isa = PBXSourcesBuildPhase;
			buildActionMask = 2147483647;
			files = (
				08EC317412EF49D700AFA21E /* Tests.m in Sources */,
				08EC317612EF49E200AFA21E /* GHUnitIOSTestMain.m in Sources */,
			);
			runOnlyForDeploymentPostprocessing = 0;
		};
		1D60588E0D05DD3D006BFB54 /* Sources */ = {
			isa = PBXSourcesBuildPhase;
			buildActionMask = 2147483647;
			files = (
				1D60589B0D05DD56006BFB54 /* main.m in Sources */,
				1D3623260D0F684500981E51 /* iPhoneTDDBaseAppDelegate.m in Sources */,
				E9A359CC12EF6F49007BFE88 /* MyViewController.m in Sources */,
			);
			runOnlyForDeploymentPostprocessing = 0;
		};
		E982846312EF69BD00E685AA /* Sources */ = {
			isa = PBXSourcesBuildPhase;
			buildActionMask = 2147483647;
			files = (
				E9A3599512EF6D57007BFE88 /* Calculator.m in Sources */,
			);
			runOnlyForDeploymentPostprocessing = 0;
		};
/* End PBXSourcesBuildPhase section */

/* Begin PBXTargetDependency section */
		E982847012EF6A0E00E685AA /* PBXTargetDependency */ = {
			isa = PBXTargetDependency;
			target = E982846512EF69BD00E685AA /* Model */;
			targetProxy = E982846F12EF6A0E00E685AA /* PBXContainerItemProxy */;
		};
		E982847312EF6A1B00E685AA /* PBXTargetDependency */ = {
			isa = PBXTargetDependency;
			target = E982846512EF69BD00E685AA /* Model */;
			targetProxy = E982847212EF6A1B00E685AA /* PBXContainerItemProxy */;
		};
/* End PBXTargetDependency section */

/* Begin XCBuildConfiguration section */
		08EC313412EF467B00AFA21E /* Debug */ = {
			isa = XCBuildConfiguration;
			buildSettings = {
				ALWAYS_SEARCH_USER_PATHS = NO;
				CODE_SIGN_IDENTITY = "iPhone Developer";
				COPY_PHASE_STRIP = NO;
				FRAMEWORK_SEARCH_PATHS = "./Librairies/**";
				GCC_DYNAMIC_NO_PIC = NO;
				GCC_OPTIMIZATION_LEVEL = 0;
				GCC_PRECOMPILE_PREFIX_HEADER = YES;
				GCC_PREFIX_HEADER = "$(SYSTEM_LIBRARY_DIR)/Frameworks/UIKit.framework/Headers/UIKit.h";
				HEADER_SEARCH_PATHS = "./Librairies/**";
				INFOPLIST_FILE = "UnitTests-Info.plist";
				INSTALL_PATH = "$(HOME)/Applications";
				LIBRARY_SEARCH_PATHS = (
					"$(inherited)",
					"\"$(SRCROOT)/Librairies/GHUnit.framework/Versions/A\"",
				);
				OTHER_LDFLAGS = (
					"-framework",
					Foundation,
					"-framework",
					UIKit,
					"-ObjC",
					"-all_load",
				);
				PREBINDING = NO;
				PRODUCT_NAME = UnitTests;
				SDKROOT = iphoneos;
			};
			name = Debug;
		};
		08EC313512EF467B00AFA21E /* Release */ = {
			isa = XCBuildConfiguration;
			buildSettings = {
				ALWAYS_SEARCH_USER_PATHS = NO;
				CODE_SIGN_IDENTITY = "iPhone Developer";
				COPY_PHASE_STRIP = YES;
				DEBUG_INFORMATION_FORMAT = "dwarf-with-dsym";
				GCC_ENABLE_FIX_AND_CONTINUE = NO;
				GCC_PRECOMPILE_PREFIX_HEADER = YES;
				GCC_PREFIX_HEADER = "$(SYSTEM_LIBRARY_DIR)/Frameworks/UIKit.framework/Headers/UIKit.h";
				INFOPLIST_FILE = "UnitTests-Info.plist";
				INSTALL_PATH = "$(HOME)/Applications";
				LIBRARY_SEARCH_PATHS = (
					"$(inherited)",
					"\"$(SRCROOT)/Librairies/GHUnit.framework/Versions/A\"",
				);
				OTHER_LDFLAGS = (
					"-framework",
					Foundation,
					"-framework",
					UIKit,
				);
				PREBINDING = NO;
				PRODUCT_NAME = UnitTests;
				SDKROOT = iphoneos;
				ZERO_LINK = NO;
			};
			name = Release;
		};
		1D6058940D05DD3E006BFB54 /* Debug */ = {
			isa = XCBuildConfiguration;
			buildSettings = {
				ALWAYS_SEARCH_USER_PATHS = NO;
				COPY_PHASE_STRIP = NO;
				GCC_DYNAMIC_NO_PIC = NO;
				GCC_OPTIMIZATION_LEVEL = 0;
				GCC_PRECOMPILE_PREFIX_HEADER = YES;
				GCC_PREFIX_HEADER = iPhoneTDDBase_Prefix.pch;
				INFOPLIST_FILE = "iPhoneTDDBase-Info.plist";
				PRODUCT_NAME = iPhoneTDDBase;
			};
			name = Debug;
		};
		1D6058950D05DD3E006BFB54 /* Release */ = {
			isa = XCBuildConfiguration;
			buildSettings = {
				ALWAYS_SEARCH_USER_PATHS = NO;
				COPY_PHASE_STRIP = YES;
				GCC_PRECOMPILE_PREFIX_HEADER = YES;
				GCC_PREFIX_HEADER = iPhoneTDDBase_Prefix.pch;
				INFOPLIST_FILE = "iPhoneTDDBase-Info.plist";
				PRODUCT_NAME = iPhoneTDDBase;
				VALIDATE_PRODUCT = YES;
			};
			name = Release;
		};
		C01FCF4F08A954540054247B /* Debug */ = {
			isa = XCBuildConfiguration;
			buildSettings = {
				ARCHS = "$(ARCHS_STANDARD_32_BIT)";
				"CODE_SIGN_IDENTITY[sdk=iphoneos*]" = "iPhone Developer";
				GCC_C_LANGUAGE_STANDARD = c99;
				GCC_WARN_ABOUT_RETURN_TYPE = YES;
				GCC_WARN_UNUSED_VARIABLE = YES;
				HEADER_SEARCH_PATHS = "./Librairies/GHUnit.framework/Headers/**";
				PREBINDING = NO;
				SDKROOT = iphoneos;
			};
			name = Debug;
		};
		C01FCF5008A954540054247B /* Release */ = {
			isa = XCBuildConfiguration;
			buildSettings = {
				ARCHS = "$(ARCHS_STANDARD_32_BIT)";
				"CODE_SIGN_IDENTITY[sdk=iphoneos*]" = "iPhone Developer";
				GCC_C_LANGUAGE_STANDARD = c99;
				GCC_WARN_ABOUT_RETURN_TYPE = YES;
				GCC_WARN_UNUSED_VARIABLE = YES;
				OTHER_CFLAGS = "-DNS_BLOCK_ASSERTIONS=1";
				PREBINDING = NO;
				SDKROOT = iphoneos;
			};
			name = Release;
		};
		E982846712EF69BE00E685AA /* Debug */ = {
			isa = XCBuildConfiguration;
			buildSettings = {
				ALWAYS_SEARCH_USER_PATHS = NO;
				COPY_PHASE_STRIP = NO;
				GCC_DYNAMIC_NO_PIC = NO;
				GCC_OPTIMIZATION_LEVEL = 0;
				PREBINDING = NO;
				PRODUCT_NAME = Model;
				SDKROOT = iphoneos;
			};
			name = Debug;
		};
		E982846812EF69BE00E685AA /* Release */ = {
			isa = XCBuildConfiguration;
			buildSettings = {
				ALWAYS_SEARCH_USER_PATHS = NO;
				COPY_PHASE_STRIP = YES;
				DEBUG_INFORMATION_FORMAT = "dwarf-with-dsym";
				GCC_ENABLE_FIX_AND_CONTINUE = NO;
				PREBINDING = NO;
				PRODUCT_NAME = Model;
				SDKROOT = iphoneos;
				ZERO_LINK = NO;
			};
			name = Release;
		};
/* End XCBuildConfiguration section */

/* Begin XCConfigurationList section */
		08EC313612EF467B00AFA21E /* Build configuration list for PBXNativeTarget "UnitTests" */ = {
			isa = XCConfigurationList;
			buildConfigurations = (
				08EC313412EF467B00AFA21E /* Debug */,
				08EC313512EF467B00AFA21E /* Release */,
			);
			defaultConfigurationIsVisible = 0;
			defaultConfigurationName = Release;
		};
		1D6058960D05DD3E006BFB54 /* Build configuration list for PBXNativeTarget "iPhoneTDDBase" */ = {
			isa = XCConfigurationList;
			buildConfigurations = (
				1D6058940D05DD3E006BFB54 /* Debug */,
				1D6058950D05DD3E006BFB54 /* Release */,
			);
			defaultConfigurationIsVisible = 0;
			defaultConfigurationName = Release;
		};
		C01FCF4E08A954540054247B /* Build configuration list for PBXProject "iPhoneTDDBase" */ = {
			isa = XCConfigurationList;
			buildConfigurations = (
				C01FCF4F08A954540054247B /* Debug */,
				C01FCF5008A954540054247B /* Release */,
			);
			defaultConfigurationIsVisible = 0;
			defaultConfigurationName = Release;
		};
		E982846A12EF69BF00E685AA /* Build configuration list for PBXNativeTarget "Model" */ = {
			isa = XCConfigurationList;
			buildConfigurations = (
				E982846712EF69BE00E685AA /* Debug */,
				E982846812EF69BE00E685AA /* Release */,
			);
			defaultConfigurationIsVisible = 0;
			defaultConfigurationName = Release;
		};
/* End XCConfigurationList section */
	};
	rootObject = 29B97313FDCFA39411CA2CEA /* Project object */;
}
